// !$*UTF8*$!
{
	archiveVersion = 1;
	classes = {
	};
	objectVersion = 56;
	objects = {

/* Begin PBXBuildFile section */
		AFD09DC72A78DE7C00BBB2C7 /* TestAssignmentApp.swift in Sources */ = {isa = PBXBuildFile; fileRef = AFD09DC62A78DE7C00BBB2C7 /* TestAssignmentApp.swift */; };
		AFD09DC92A78DE7C00BBB2C7 /* ContentView.swift in Sources */ = {isa = PBXBuildFile; fileRef = AFD09DC82A78DE7C00BBB2C7 /* ContentView.swift */; };
		AFD09DCB2A78DE7D00BBB2C7 /* Assets.xcassets in Resources */ = {isa = PBXBuildFile; fileRef = AFD09DCA2A78DE7D00BBB2C7 /* Assets.xcassets */; };
		AFD09DCE2A78DE7D00BBB2C7 /* Preview Assets.xcassets in Resources */ = {isa = PBXBuildFile; fileRef = AFD09DCD2A78DE7D00BBB2C7 /* Preview Assets.xcassets */; };
		AFD09DD82A78DE7D00BBB2C7 /* TestAssignmentTests.swift in Sources */ = {isa = PBXBuildFile; fileRef = AFD09DD72A78DE7D00BBB2C7 /* TestAssignmentTests.swift */; };
		AFD09DE22A78DE7D00BBB2C7 /* TestAssignmentUITests.swift in Sources */ = {isa = PBXBuildFile; fileRef = AFD09DE12A78DE7D00BBB2C7 /* TestAssignmentUITests.swift */; };
		AFD09DE42A78DE7D00BBB2C7 /* TestAssignmentUITestsLaunchTests.swift in Sources */ = {isa = PBXBuildFile; fileRef = AFD09DE32A78DE7D00BBB2C7 /* TestAssignmentUITestsLaunchTests.swift */; };
		AFD09DF22A78EE9700BBB2C7 /* ArticleModel.swift in Sources */ = {isa = PBXBuildFile; fileRef = AFD09DF12A78EE9700BBB2C7 /* ArticleModel.swift */; };
		AFD09DF42A78EEE200BBB2C7 /* ArticleViewModel.swift in Sources */ = {isa = PBXBuildFile; fileRef = AFD09DF32A78EEE200BBB2C7 /* ArticleViewModel.swift */; };
		AFD09DF62A78FA0800BBB2C7 /* SearchbarView.swift in Sources */ = {isa = PBXBuildFile; fileRef = AFD09DF52A78FA0800BBB2C7 /* SearchbarView.swift */; };
		AFD09DF82A78FFE500BBB2C7 /* DetailView.swift in Sources */ = {isa = PBXBuildFile; fileRef = AFD09DF72A78FFE500BBB2C7 /* DetailView.swift */; };
/* End PBXBuildFile section */

/* Begin PBXContainerItemProxy section */
		AFD09DD42A78DE7D00BBB2C7 /* PBXContainerItemProxy */ = {
			isa = PBXContainerItemProxy;
			containerPortal = AFD09DBB2A78DE7C00BBB2C7 /* Project object */;
			proxyType = 1;
			remoteGlobalIDString = AFD09DC22A78DE7C00BBB2C7;
			remoteInfo = TestAssignment;
		};
		AFD09DDE2A78DE7D00BBB2C7 /* PBXContainerItemProxy */ = {
			isa = PBXContainerItemProxy;
			containerPortal = AFD09DBB2A78DE7C00BBB2C7 /* Project object */;
			proxyType = 1;
			remoteGlobalIDString = AFD09DC22A78DE7C00BBB2C7;
			remoteInfo = TestAssignment;
		};
/* End PBXContainerItemProxy section */

/* Begin PBXFileReference section */
		AFD09DC32A78DE7C00BBB2C7 /* TestAssignment.app */ = {isa = PBXFileReference; explicitFileType = wrapper.application; includeInIndex = 0; path = TestAssignment.app; sourceTree = BUILT_PRODUCTS_DIR; };
		AFD09DC62A78DE7C00BBB2C7 /* TestAssignmentApp.swift */ = {isa = PBXFileReference; lastKnownFileType = sourcecode.swift; path = TestAssignmentApp.swift; sourceTree = "<group>"; };
		AFD09DC82A78DE7C00BBB2C7 /* ContentView.swift */ = {isa = PBXFileReference; lastKnownFileType = sourcecode.swift; path = ContentView.swift; sourceTree = "<group>"; };
		AFD09DCA2A78DE7D00BBB2C7 /* Assets.xcassets */ = {isa = PBXFileReference; lastKnownFileType = folder.assetcatalog; path = Assets.xcassets; sourceTree = "<group>"; };
		AFD09DCD2A78DE7D00BBB2C7 /* Preview Assets.xcassets */ = {isa = PBXFileReference; lastKnownFileType = folder.assetcatalog; path = "Preview Assets.xcassets"; sourceTree = "<group>"; };
		AFD09DD32A78DE7D00BBB2C7 /* TestAssignmentTests.xctest */ = {isa = PBXFileReference; explicitFileType = wrapper.cfbundle; includeInIndex = 0; path = TestAssignmentTests.xctest; sourceTree = BUILT_PRODUCTS_DIR; };
		AFD09DD72A78DE7D00BBB2C7 /* TestAssignmentTests.swift */ = {isa = PBXFileReference; lastKnownFileType = sourcecode.swift; path = TestAssignmentTests.swift; sourceTree = "<group>"; };
		AFD09DDD2A78DE7D00BBB2C7 /* TestAssignmentUITests.xctest */ = {isa = PBXFileReference; explicitFileType = wrapper.cfbundle; includeInIndex = 0; path = TestAssignmentUITests.xctest; sourceTree = BUILT_PRODUCTS_DIR; };
		AFD09DE12A78DE7D00BBB2C7 /* TestAssignmentUITests.swift */ = {isa = PBXFileReference; lastKnownFileType = sourcecode.swift; path = TestAssignmentUITests.swift; sourceTree = "<group>"; };
		AFD09DE32A78DE7D00BBB2C7 /* TestAssignmentUITestsLaunchTests.swift */ = {isa = PBXFileReference; lastKnownFileType = sourcecode.swift; path = TestAssignmentUITestsLaunchTests.swift; sourceTree = "<group>"; };
		AFD09DF12A78EE9700BBB2C7 /* ArticleModel.swift */ = {isa = PBXFileReference; lastKnownFileType = sourcecode.swift; path = ArticleModel.swift; sourceTree = "<group>"; };
		AFD09DF32A78EEE200BBB2C7 /* ArticleViewModel.swift */ = {isa = PBXFileReference; lastKnownFileType = sourcecode.swift; path = ArticleViewModel.swift; sourceTree = "<group>"; };
		AFD09DF52A78FA0800BBB2C7 /* SearchbarView.swift */ = {isa = PBXFileReference; lastKnownFileType = sourcecode.swift; path = SearchbarView.swift; sourceTree = "<group>"; };
		AFD09DF72A78FFE500BBB2C7 /* DetailView.swift */ = {isa = PBXFileReference; lastKnownFileType = sourcecode.swift; path = DetailView.swift; sourceTree = "<group>"; };
/* End PBXFileReference section */

/* Begin PBXFrameworksBuildPhase section */
		AFD09DC02A78DE7C00BBB2C7 /* Frameworks */ = {
			isa = PBXFrameworksBuildPhase;
			buildActionMask = 2147483647;
			files = (
			);
			runOnlyForDeploymentPostprocessing = 0;
		};
		AFD09DD02A78DE7D00BBB2C7 /* Frameworks */ = {
			isa = PBXFrameworksBuildPhase;
			buildActionMask = 2147483647;
			files = (
			);
			runOnlyForDeploymentPostprocessing = 0;
		};
		AFD09DDA2A78DE7D00BBB2C7 /* Frameworks */ = {
			isa = PBXFrameworksBuildPhase;
			buildActionMask = 2147483647;
			files = (
			);
			runOnlyForDeploymentPostprocessing = 0;
		};
/* End PBXFrameworksBuildPhase section */

/* Begin PBXGroup section */
		AFD09DBA2A78DE7C00BBB2C7 = {
			isa = PBXGroup;
			children = (
				AFD09DC52A78DE7C00BBB2C7 /* TestAssignment */,
				AFD09DD62A78DE7D00BBB2C7 /* TestAssignmentTests */,
				AFD09DE02A78DE7D00BBB2C7 /* TestAssignmentUITests */,
				AFD09DC42A78DE7C00BBB2C7 /* Products */,
			);
			sourceTree = "<group>";
		};
		AFD09DC42A78DE7C00BBB2C7 /* Products */ = {
			isa = PBXGroup;
			children = (
				AFD09DC32A78DE7C00BBB2C7 /* TestAssignment.app */,
				AFD09DD32A78DE7D00BBB2C7 /* TestAssignmentTests.xctest */,
				AFD09DDD2A78DE7D00BBB2C7 /* TestAssignmentUITests.xctest */,
			);
			name = Products;
			sourceTree = "<group>";
		};
		AFD09DC52A78DE7C00BBB2C7 /* TestAssignment */ = {
			isa = PBXGroup;
			children = (
				AFD09DC62A78DE7C00BBB2C7 /* TestAssignmentApp.swift */,
				AFD09DC82A78DE7C00BBB2C7 /* ContentView.swift */,
				AFD09DF72A78FFE500BBB2C7 /* DetailView.swift */,
				AFD09DF52A78FA0800BBB2C7 /* SearchbarView.swift */,
				AFD09DF32A78EEE200BBB2C7 /* ArticleViewModel.swift */,
				AFD09DF02A78EE8900BBB2C7 /* Model */,
				AFD09DCA2A78DE7D00BBB2C7 /* Assets.xcassets */,
				AFD09DCC2A78DE7D00BBB2C7 /* Preview Content */,
			);
			path = TestAssignment;
			sourceTree = "<group>";
		};
		AFD09DCC2A78DE7D00BBB2C7 /* Preview Content */ = {
			isa = PBXGroup;
			children = (
				AFD09DCD2A78DE7D00BBB2C7 /* Preview Assets.xcassets */,
			);
			path = "Preview Content";
			sourceTree = "<group>";
		};
		AFD09DD62A78DE7D00BBB2C7 /* TestAssignmentTests */ = {
			isa = PBXGroup;
			children = (
				AFD09DD72A78DE7D00BBB2C7 /* TestAssignmentTests.swift */,
			);
			path = TestAssignmentTests;
			sourceTree = "<group>";
		};
		AFD09DE02A78DE7D00BBB2C7 /* TestAssignmentUITests */ = {
			isa = PBXGroup;
			children = (
				AFD09DE12A78DE7D00BBB2C7 /* TestAssignmentUITests.swift */,
				AFD09DE32A78DE7D00BBB2C7 /* TestAssignmentUITestsLaunchTests.swift */,
			);
			path = TestAssignmentUITests;
			sourceTree = "<group>";
		};
		AFD09DF02A78EE8900BBB2C7 /* Model */ = {
			isa = PBXGroup;
			children = (
				AFD09DF12A78EE9700BBB2C7 /* ArticleModel.swift */,
			);
			path = Model;
			sourceTree = "<group>";
		};
/* End PBXGroup section */

/* Begin PBXNativeTarget section */
		AFD09DC22A78DE7C00BBB2C7 /* TestAssignment */ = {
			isa = PBXNativeTarget;
			buildConfigurationList = AFD09DE72A78DE7D00BBB2C7 /* Build configuration list for PBXNativeTarget "TestAssignment" */;
			buildPhases = (
				AFD09DBF2A78DE7C00BBB2C7 /* Sources */,
				AFD09DC02A78DE7C00BBB2C7 /* Frameworks */,
				AFD09DC12A78DE7C00BBB2C7 /* Resources */,
			);
			buildRules = (
			);
			dependencies = (
			);
			name = TestAssignment;
			productName = TestAssignment;
			productReference = AFD09DC32A78DE7C00BBB2C7 /* TestAssignment.app */;
			productType = "com.apple.product-type.application";
		};
		AFD09DD22A78DE7D00BBB2C7 /* TestAssignmentTests */ = {
			isa = PBXNativeTarget;
			buildConfigurationList = AFD09DEA2A78DE7D00BBB2C7 /* Build configuration list for PBXNativeTarget "TestAssignmentTests" */;
			buildPhases = (
				AFD09DCF2A78DE7D00BBB2C7 /* Sources */,
				AFD09DD02A78DE7D00BBB2C7 /* Frameworks */,
				AFD09DD12A78DE7D00BBB2C7 /* Resources */,
			);
			buildRules = (
			);
			dependencies = (
				AFD09DD52A78DE7D00BBB2C7 /* PBXTargetDependency */,
			);
			name = TestAssignmentTests;
			productName = TestAssignmentTests;
			productReference = AFD09DD32A78DE7D00BBB2C7 /* TestAssignmentTests.xctest */;
			productType = "com.apple.product-type.bundle.unit-test";
		};
		AFD09DDC2A78DE7D00BBB2C7 /* TestAssignmentUITests */ = {
			isa = PBXNativeTarget;
			buildConfigurationList = AFD09DED2A78DE7D00BBB2C7 /* Build configuration list for PBXNativeTarget "TestAssignmentUITests" */;
			buildPhases = (
				AFD09DD92A78DE7D00BBB2C7 /* Sources */,
				AFD09DDA2A78DE7D00BBB2C7 /* Frameworks */,
				AFD09DDB2A78DE7D00BBB2C7 /* Resources */,
			);
			buildRules = (
			);
			dependencies = (
				AFD09DDF2A78DE7D00BBB2C7 /* PBXTargetDependency */,
			);
			name = TestAssignmentUITests;
			productName = TestAssignmentUITests;
			productReference = AFD09DDD2A78DE7D00BBB2C7 /* TestAssignmentUITests.xctest */;
			productType = "com.apple.product-type.bundle.ui-testing";
		};
/* End PBXNativeTarget section */

/* Begin PBXProject section */
		AFD09DBB2A78DE7C00BBB2C7 /* Project object */ = {
			isa = PBXProject;
			attributes = {
				BuildIndependentTargetsInParallel = 1;
				LastSwiftUpdateCheck = 1430;
				LastUpgradeCheck = 1430;
				TargetAttributes = {
					AFD09DC22A78DE7C00BBB2C7 = {
						CreatedOnToolsVersion = 14.3;
					};
					AFD09DD22A78DE7D00BBB2C7 = {
						CreatedOnToolsVersion = 14.3;
						TestTargetID = AFD09DC22A78DE7C00BBB2C7;
					};
					AFD09DDC2A78DE7D00BBB2C7 = {
						CreatedOnToolsVersion = 14.3;
						TestTargetID = AFD09DC22A78DE7C00BBB2C7;
					};
				};
			};
			buildConfigurationList = AFD09DBE2A78DE7C00BBB2C7 /* Build configuration list for PBXProject "TestAssignment" */;
			compatibilityVersion = "Xcode 14.0";
			developmentRegion = en;
			hasScannedForEncodings = 0;
			knownRegions = (
				en,
				Base,
			);
			mainGroup = AFD09DBA2A78DE7C00BBB2C7;
			productRefGroup = AFD09DC42A78DE7C00BBB2C7 /* Products */;
			projectDirPath = "";
			projectRoot = "";
			targets = (
				AFD09DC22A78DE7C00BBB2C7 /* TestAssignment */,
				AFD09DD22A78DE7D00BBB2C7 /* TestAssignmentTests */,
				AFD09DDC2A78DE7D00BBB2C7 /* TestAssignmentUITests */,
			);
		};
/* End PBXProject section */

/* Begin PBXResourcesBuildPhase section */
		AFD09DC12A78DE7C00BBB2C7 /* Resources */ = {
			isa = PBXResourcesBuildPhase;
			buildActionMask = 2147483647;
			files = (
				AFD09DCE2A78DE7D00BBB2C7 /* Preview Assets.xcassets in Resources */,
				AFD09DCB2A78DE7D00BBB2C7 /* Assets.xcassets in Resources */,
			);
			runOnlyForDeploymentPostprocessing = 0;
		};
		AFD09DD12A78DE7D00BBB2C7 /* Resources */ = {
			isa = PBXResourcesBuildPhase;
			buildActionMask = 2147483647;
			files = (
			);
			runOnlyForDeploymentPostprocessing = 0;
		};
		AFD09DDB2A78DE7D00BBB2C7 /* Resources */ = {
			isa = PBXResourcesBuildPhase;
			buildActionMask = 2147483647;
			files = (
			);
			runOnlyForDeploymentPostprocessing = 0;
		};
/* End PBXResourcesBuildPhase section */

/* Begin PBXSourcesBuildPhase section */
		AFD09DBF2A78DE7C00BBB2C7 /* Sources */ = {
			isa = PBXSourcesBuildPhase;
			buildActionMask = 2147483647;
			files = (
				AFD09DC92A78DE7C00BBB2C7 /* ContentView.swift in Sources */,
				AFD09DF82A78FFE500BBB2C7 /* DetailView.swift in Sources */,
				AFD09DF42A78EEE200BBB2C7 /* ArticleViewModel.swift in Sources */,
				AFD09DF62A78FA0800BBB2C7 /* SearchbarView.swift in Sources */,
				AFD09DF22A78EE9700BBB2C7 /* ArticleModel.swift in Sources */,
				AFD09DC72A78DE7C00BBB2C7 /* TestAssignmentApp.swift in Sources */,
			);
			runOnlyForDeploymentPostprocessing = 0;
		};
		AFD09DCF2A78DE7D00BBB2C7 /* Sources */ = {
			isa = PBXSourcesBuildPhase;
			buildActionMask = 2147483647;
			files = (
				AFD09DD82A78DE7D00BBB2C7 /* TestAssignmentTests.swift in Sources */,
			);
			runOnlyForDeploymentPostprocessing = 0;
		};
		AFD09DD92A78DE7D00BBB2C7 /* Sources */ = {
			isa = PBXSourcesBuildPhase;
			buildActionMask = 2147483647;
			files = (
				AFD09DE22A78DE7D00BBB2C7 /* TestAssignmentUITests.swift in Sources */,
				AFD09DE42A78DE7D00BBB2C7 /* TestAssignmentUITestsLaunchTests.swift in Sources */,
			);
			runOnlyForDeploymentPostprocessing = 0;
		};
/* End PBXSourcesBuildPhase section */

/* Begin PBXTargetDependency section */
		AFD09DD52A78DE7D00BBB2C7 /* PBXTargetDependency */ = {
			isa = PBXTargetDependency;
			target = AFD09DC22A78DE7C00BBB2C7 /* TestAssignment */;
			targetProxy = AFD09DD42A78DE7D00BBB2C7 /* PBXContainerItemProxy */;
		};
		AFD09DDF2A78DE7D00BBB2C7 /* PBXTargetDependency */ = {
			isa = PBXTargetDependency;
			target = AFD09DC22A78DE7C00BBB2C7 /* TestAssignment */;
			targetProxy = AFD09DDE2A78DE7D00BBB2C7 /* PBXContainerItemProxy */;
		};
/* End PBXTargetDependency section */

/* Begin XCBuildConfiguration section */
		AFD09DE52A78DE7D00BBB2C7 /* Debug */ = {
			isa = XCBuildConfiguration;
			buildSettings = {
				ALWAYS_SEARCH_USER_PATHS = NO;
				CLANG_ANALYZER_NONNULL = YES;
				CLANG_ANALYZER_NUMBER_OBJECT_CONVERSION = YES_AGGRESSIVE;
				CLANG_CXX_LANGUAGE_STANDARD = "gnu++20";
				CLANG_ENABLE_MODULES = YES;
				CLANG_ENABLE_OBJC_ARC = YES;
				CLANG_ENABLE_OBJC_WEAK = YES;
				CLANG_WARN_BLOCK_CAPTURE_AUTORELEASING = YES;
				CLANG_WARN_BOOL_CONVERSION = YES;
				CLANG_WARN_COMMA = YES;
				CLANG_WARN_CONSTANT_CONVERSION = YES;
				CLANG_WARN_DEPRECATED_OBJC_IMPLEMENTATIONS = YES;
				CLANG_WARN_DIRECT_OBJC_ISA_USAGE = YES_ERROR;
				CLANG_WARN_DOCUMENTATION_COMMENTS = YES;
				CLANG_WARN_EMPTY_BODY = YES;
				CLANG_WARN_ENUM_CONVERSION = YES;
				CLANG_WARN_INFINITE_RECURSION = YES;
				CLANG_WARN_INT_CONVERSION = YES;
				CLANG_WARN_NON_LITERAL_NULL_CONVERSION = YES;
				CLANG_WARN_OBJC_IMPLICIT_RETAIN_SELF = YES;
				CLANG_WARN_OBJC_LITERAL_CONVERSION = YES;
				CLANG_WARN_OBJC_ROOT_CLASS = YES_ERROR;
				CLANG_WARN_QUOTED_INCLUDE_IN_FRAMEWORK_HEADER = YES;
				CLANG_WARN_RANGE_LOOP_ANALYSIS = YES;
				CLANG_WARN_STRICT_PROTOTYPES = YES;
				CLANG_WARN_SUSPICIOUS_MOVE = YES;
				CLANG_WARN_UNGUARDED_AVAILABILITY = YES_AGGRESSIVE;
				CLANG_WARN_UNREACHABLE_CODE = YES;
				CLANG_WARN__DUPLICATE_METHOD_MATCH = YES;
				COPY_PHASE_STRIP = NO;
				DEBUG_INFORMATION_FORMAT = dwarf;
				ENABLE_STRICT_OBJC_MSGSEND = YES;
				ENABLE_TESTABILITY = YES;
				GCC_C_LANGUAGE_STANDARD = gnu11;
				GCC_DYNAMIC_NO_PIC = NO;
				GCC_NO_COMMON_BLOCKS = YES;
				GCC_OPTIMIZATION_LEVEL = 0;
				GCC_PREPROCESSOR_DEFINITIONS = (
					"DEBUG=1",
					"$(inherited)",
				);
				GCC_WARN_64_TO_32_BIT_CONVERSION = YES;
				GCC_WARN_ABOUT_RETURN_TYPE = YES_ERROR;
				GCC_WARN_UNDECLARED_SELECTOR = YES;
				GCC_WARN_UNINITIALIZED_AUTOS = YES_AGGRESSIVE;
				GCC_WARN_UNUSED_FUNCTION = YES;
				GCC_WARN_UNUSED_VARIABLE = YES;
				IPHONEOS_DEPLOYMENT_TARGET = 16.4;
				MTL_ENABLE_DEBUG_INFO = INCLUDE_SOURCE;
				MTL_FAST_MATH = YES;
				ONLY_ACTIVE_ARCH = YES;
				SDKROOT = iphoneos;
				SWIFT_ACTIVE_COMPILATION_CONDITIONS = DEBUG;
				SWIFT_OPTIMIZATION_LEVEL = "-Onone";
			};
			name = Debug;
		};
		AFD09DE62A78DE7D00BBB2C7 /* Release */ = {
			isa = XCBuildConfiguration;
			buildSettings = {
				ALWAYS_SEARCH_USER_PATHS = NO;
				CLANG_ANALYZER_NONNULL = YES;
				CLANG_ANALYZER_NUMBER_OBJECT_CONVERSION = YES_AGGRESSIVE;
				CLANG_CXX_LANGUAGE_STANDARD = "gnu++20";
				CLANG_ENABLE_MODULES = YES;
				CLANG_ENABLE_OBJC_ARC = YES;
				CLANG_ENABLE_OBJC_WEAK = YES;
				CLANG_WARN_BLOCK_CAPTURE_AUTORELEASING = YES;
				CLANG_WARN_BOOL_CONVERSION = YES;
				CLANG_WARN_COMMA = YES;
				CLANG_WARN_CONSTANT_CONVERSION = YES;
				CLANG_WARN_DEPRECATED_OBJC_IMPLEMENTATIONS = YES;
				CLANG_WARN_DIRECT_OBJC_ISA_USAGE = YES_ERROR;
				CLANG_WARN_DOCUMENTATION_COMMENTS = YES;
				CLANG_WARN_EMPTY_BODY = YES;
				CLANG_WARN_ENUM_CONVERSION = YES;
				CLANG_WARN_INFINITE_RECURSION = YES;
				CLANG_WARN_INT_CONVERSION = YES;
				CLANG_WARN_NON_LITERAL_NULL_CONVERSION = YES;
				CLANG_WARN_OBJC_IMPLICIT_RETAIN_SELF = YES;
				CLANG_WARN_OBJC_LITERAL_CONVERSION = YES;
				CLANG_WARN_OBJC_ROOT_CLASS = YES_ERROR;
				CLANG_WARN_QUOTED_INCLUDE_IN_FRAMEWORK_HEADER = YES;
				CLANG_WARN_RANGE_LOOP_ANALYSIS = YES;
				CLANG_WARN_STRICT_PROTOTYPES = YES;
				CLANG_WARN_SUSPICIOUS_MOVE = YES;
				CLANG_WARN_UNGUARDED_AVAILABILITY = YES_AGGRESSIVE;
				CLANG_WARN_UNREACHABLE_CODE = YES;
				CLANG_WARN__DUPLICATE_METHOD_MATCH = YES;
				COPY_PHASE_STRIP = NO;
				DEBUG_INFORMATION_FORMAT = "dwarf-with-dsym";
				ENABLE_NS_ASSERTIONS = NO;
				ENABLE_STRICT_OBJC_MSGSEND = YES;
				GCC_C_LANGUAGE_STANDARD = gnu11;
				GCC_NO_COMMON_BLOCKS = YES;
				GCC_WARN_64_TO_32_BIT_CONVERSION = YES;
				GCC_WARN_ABOUT_RETURN_TYPE = YES_ERROR;
				GCC_WARN_UNDECLARED_SELECTOR = YES;
				GCC_WARN_UNINITIALIZED_AUTOS = YES_AGGRESSIVE;
				GCC_WARN_UNUSED_FUNCTION = YES;
				GCC_WARN_UNUSED_VARIABLE = YES;
				IPHONEOS_DEPLOYMENT_TARGET = 16.4;
				MTL_ENABLE_DEBUG_INFO = NO;
				MTL_FAST_MATH = YES;
				SDKROOT = iphoneos;
				SWIFT_COMPILATION_MODE = wholemodule;
				SWIFT_OPTIMIZATION_LEVEL = "-O";
				VALIDATE_PRODUCT = YES;
			};
			name = Release;
		};
		AFD09DE82A78DE7D00BBB2C7 /* Debug */ = {
			isa = XCBuildConfiguration;
			buildSettings = {
				ASSETCATALOG_COMPILER_APPICON_NAME = AppIcon;
				ASSETCATALOG_COMPILER_GLOBAL_ACCENT_COLOR_NAME = AccentColor;
				CODE_SIGN_STYLE = Automatic;
				CURRENT_PROJECT_VERSION = 1;
				DEVELOPMENT_ASSET_PATHS = "\"TestAssignment/Preview Content\"";
				ENABLE_PREVIEWS = YES;
				GENERATE_INFOPLIST_FILE = YES;
				INFOPLIST_KEY_UIApplicationSceneManifest_Generation = YES;
				INFOPLIST_KEY_UIApplicationSupportsIndirectInputEvents = YES;
				INFOPLIST_KEY_UILaunchScreen_Generation = YES;
				INFOPLIST_KEY_UISupportedInterfaceOrientations_iPad = "UIInterfaceOrientationPortrait UIInterfaceOrientationPortraitUpsideDown UIInterfaceOrientationLandscapeLeft UIInterfaceOrientationLandscapeRight";
				INFOPLIST_KEY_UISupportedInterfaceOrientations_iPhone = "UIInterfaceOrientationPortrait UIInterfaceOrientationLandscapeLeft UIInterfaceOrientationLandscapeRight";
				LD_RUNPATH_SEARCH_PATHS = (
					"$(inherited)",
					"@executable_path/Frameworks",
				);
				MARKETING_VERSION = 1.0;
				PRODUCT_BUNDLE_IDENTIFIER = kulakdev.TestAssignment;
				PRODUCT_NAME = "$(TARGET_NAME)";
				SWIFT_EMIT_LOC_STRINGS = YES;
				SWIFT_VERSION = 5.0;
				TARGETED_DEVICE_FAMILY = "1,2";
			};
			name = Debug;
		};
		AFD09DE92A78DE7D00BBB2C7 /* Release */ = {
			isa = XCBuildConfiguration;
			buildSettings = {
				ASSETCATALOG_COMPILER_APPICON_NAME = AppIcon;
				ASSETCATALOG_COMPILER_GLOBAL_ACCENT_COLOR_NAME = AccentColor;
				CODE_SIGN_STYLE = Automatic;
				CURRENT_PROJECT_VERSION = 1;
				DEVELOPMENT_ASSET_PATHS = "\"TestAssignment/Preview Content\"";
				ENABLE_PREVIEWS = YES;
				GENERATE_INFOPLIST_FILE = YES;
				INFOPLIST_KEY_UIApplicationSceneManifest_Generation = YES;
				INFOPLIST_KEY_UIApplicationSupportsIndirectInputEvents = YES;
				INFOPLIST_KEY_UILaunchScreen_Generation = YES;
				INFOPLIST_KEY_UISupportedInterfaceOrientations_iPad = "UIInterfaceOrientationPortrait UIInterfaceOrientationPortraitUpsideDown UIInterfaceOrientationLandscapeLeft UIInterfaceOrientationLandscapeRight";
				INFOPLIST_KEY_UISupportedInterfaceOrientations_iPhone = "UIInterfaceOrientationPortrait UIInterfaceOrientationLandscapeLeft UIInterfaceOrientationLandscapeRight";
				LD_RUNPATH_SEARCH_PATHS = (
					"$(inherited)",
					"@executable_path/Frameworks",
				);
				MARKETING_VERSION = 1.0;
				PRODUCT_BUNDLE_IDENTIFIER = kulakdev.TestAssignment;
				PRODUCT_NAME = "$(TARGET_NAME)";
				SWIFT_EMIT_LOC_STRINGS = YES;
				SWIFT_VERSION = 5.0;
				TARGETED_DEVICE_FAMILY = "1,2";
			};
			name = Release;
		};
		AFD09DEB2A78DE7D00BBB2C7 /* Debug */ = {
			isa = XCBuildConfiguration;
			buildSettings = {
				ALWAYS_EMBED_SWIFT_STANDARD_LIBRARIES = YES;
				BUNDLE_LOADER = "$(TEST_HOST)";
				CODE_SIGN_STYLE = Automatic;
				CURRENT_PROJECT_VERSION = 1;
				GENERATE_INFOPLIST_FILE = YES;
				IPHONEOS_DEPLOYMENT_TARGET = 16.4;
				MARKETING_VERSION = 1.0;
				PRODUCT_BUNDLE_IDENTIFIER = kulakdev.TestAssignmentTests;
				PRODUCT_NAME = "$(TARGET_NAME)";
				SWIFT_EMIT_LOC_STRINGS = NO;
				SWIFT_VERSION = 5.0;
				TARGETED_DEVICE_FAMILY = "1,2";
				TEST_HOST = "$(BUILT_PRODUCTS_DIR)/TestAssignment.app/$(BUNDLE_EXECUTABLE_FOLDER_PATH)/TestAssignment";
			};
			name = Debug;
		};
		AFD09DEC2A78DE7D00BBB2C7 /* Release */ = {
			isa = XCBuildConfiguration;
			buildSettings = {
				ALWAYS_EMBED_SWIFT_STANDARD_LIBRARIES = YES;
				BUNDLE_LOADER = "$(TEST_HOST)";
				CODE_SIGN_STYLE = Automatic;
				CURRENT_PROJECT_VERSION = 1;
				GENERATE_INFOPLIST_FILE = YES;
				IPHONEOS_DEPLOYMENT_TARGET = 16.4;
				MARKETING_VERSION = 1.0;
				PRODUCT_BUNDLE_IDENTIFIER = kulakdev.TestAssignmentTests;
				PRODUCT_NAME = "$(TARGET_NAME)";
				SWIFT_EMIT_LOC_STRINGS = NO;
				SWIFT_VERSION = 5.0;
				TARGETED_DEVICE_FAMILY = "1,2";
				TEST_HOST = "$(BUILT_PRODUCTS_DIR)/TestAssignment.app/$(BUNDLE_EXECUTABLE_FOLDER_PATH)/TestAssignment";
			};
			name = Release;
		};
		AFD09DEE2A78DE7D00BBB2C7 /* Debug */ = {
			isa = XCBuildConfiguration;
			buildSettings = {
				ALWAYS_EMBED_SWIFT_STANDARD_LIBRARIES = YES;
				CODE_SIGN_STYLE = Automatic;
				CURRENT_PROJECT_VERSION = 1;
				GENERATE_INFOPLIST_FILE = YES;
				MARKETING_VERSION = 1.0;
				PRODUCT_BUNDLE_IDENTIFIER = kulakdev.TestAssignmentUITests;
				PRODUCT_NAME = "$(TARGET_NAME)";
				SWIFT_EMIT_LOC_STRINGS = NO;
				SWIFT_VERSION = 5.0;
				TARGETED_DEVICE_FAMILY = "1,2";
				TEST_TARGET_NAME = TestAssignment;
			};
			name = Debug;
		};
		AFD09DEF2A78DE7D00BBB2C7 /* Release */ = {
			isa = XCBuildConfiguration;
			buildSettings = {
				ALWAYS_EMBED_SWIFT_STANDARD_LIBRARIES = YES;
				CODE_SIGN_STYLE = Automatic;
				CURRENT_PROJECT_VERSION = 1;
				GENERATE_INFOPLIST_FILE = YES;
				MARKETING_VERSION = 1.0;
				PRODUCT_BUNDLE_IDENTIFIER = kulakdev.TestAssignmentUITests;
				PRODUCT_NAME = "$(TARGET_NAME)";
				SWIFT_EMIT_LOC_STRINGS = NO;
				SWIFT_VERSION = 5.0;
				TARGETED_DEVICE_FAMILY = "1,2";
				TEST_TARGET_NAME = TestAssignment;
			};
			name = Release;
		};
/* End XCBuildConfiguration section */

/* Begin XCConfigurationList section */
		AFD09DBE2A78DE7C00BBB2C7 /* Build configuration list for PBXProject "TestAssignment" */ = {
			isa = XCConfigurationList;
			buildConfigurations = (
				AFD09DE52A78DE7D00BBB2C7 /* Debug */,
				AFD09DE62A78DE7D00BBB2C7 /* Release */,
			);
			defaultConfigurationIsVisible = 0;
			defaultConfigurationName = Release;
		};
		AFD09DE72A78DE7D00BBB2C7 /* Build configuration list for PBXNativeTarget "TestAssignment" */ = {
			isa = XCConfigurationList;
			buildConfigurations = (
				AFD09DE82A78DE7D00BBB2C7 /* Debug */,
				AFD09DE92A78DE7D00BBB2C7 /* Release */,
			);
			defaultConfigurationIsVisible = 0;
			defaultConfigurationName = Release;
		};
		AFD09DEA2A78DE7D00BBB2C7 /* Build configuration list for PBXNativeTarget "TestAssignmentTests" */ = {
			isa = XCConfigurationList;
			buildConfigurations = (
				AFD09DEB2A78DE7D00BBB2C7 /* Debug */,
				AFD09DEC2A78DE7D00BBB2C7 /* Release */,
			);
			defaultConfigurationIsVisible = 0;
			defaultConfigurationName = Release;
		};
		AFD09DED2A78DE7D00BBB2C7 /* Build configuration list for PBXNativeTarget "TestAssignmentUITests" */ = {
			isa = XCConfigurationList;
			buildConfigurations = (
				AFD09DEE2A78DE7D00BBB2C7 /* Debug */,
				AFD09DEF2A78DE7D00BBB2C7 /* Release */,
			);
			defaultConfigurationIsVisible = 0;
			defaultConfigurationName = Release;
		};
/* End XCConfigurationList section */
	};
	rootObject = AFD09DBB2A78DE7C00BBB2C7 /* Project object */;
}
